// !$*UTF8*$!
{
	archiveVersion = 1;
	classes = {
	};
	objectVersion = 56;
	objects = {

/* Begin PBXBuildFile section */
		93760F912B33F62A00DFA504 /* DataManager.swift in Sources */ = {isa = PBXBuildFile; fileRef = 93760F902B33F62A00DFA504 /* DataManager.swift */; };
		93AE5FE72ACAAD1000081E39 /* APIKey.swift in Sources */ = {isa = PBXBuildFile; fileRef = 93AE5FE62ACAAD1000081E39 /* APIKey.swift */; };
		93BB27702A55628000A8ED96 /* Alamofire in Frameworks */ = {isa = PBXBuildFile; productRef = 93BB276F2A55628000A8ED96 /* Alamofire */; };
		93BB27722A5562DF00A8ED96 /* BusTime.swift in Sources */ = {isa = PBXBuildFile; fileRef = 93BB27712A5562DF00A8ED96 /* BusTime.swift */; };
		93BB27742A55630C00A8ED96 /* myXMLParser.swift in Sources */ = {isa = PBXBuildFile; fileRef = 93BB27732A55630C00A8ED96 /* myXMLParser.swift */; };
		93BB27762A556F1B00A8ED96 /* BusBoxViewViewModel.swift in Sources */ = {isa = PBXBuildFile; fileRef = 93BB27752A556F1B00A8ED96 /* BusBoxViewViewModel.swift */; };
		93BB277B2A558A3D00A8ED96 /* BusNumber.swift in Sources */ = {isa = PBXBuildFile; fileRef = 93BB277A2A558A3D00A8ED96 /* BusNumber.swift */; };
		93C60ECC2A51C80200996448 /* MyongJiStationTimeTable.json in Resources */ = {isa = PBXBuildFile; fileRef = 93C60EC02A51C80200996448 /* MyongJiStationTimeTable.json */; };
		93C60ECE2A51C80200996448 /* BusBoxView.swift in Sources */ = {isa = PBXBuildFile; fileRef = 93C60EC32A51C80200996448 /* BusBoxView.swift */; };
		93C60ECF2A51C80200996448 /* ShuttleRow.swift in Sources */ = {isa = PBXBuildFile; fileRef = 93C60EC42A51C80200996448 /* ShuttleRow.swift */; };
		93C60ED02A51C80200996448 /* HeaderView.swift in Sources */ = {isa = PBXBuildFile; fileRef = 93C60EC52A51C80200996448 /* HeaderView.swift */; };
		93C60ED22A51C80200996448 /* ShuttleTimeView.swift in Sources */ = {isa = PBXBuildFile; fileRef = 93C60EC72A51C80200996448 /* ShuttleTimeView.swift */; };
		93C60ED42A51C80200996448 /* ShuttleTime.swift in Sources */ = {isa = PBXBuildFile; fileRef = 93C60EC92A51C80200996448 /* ShuttleTime.swift */; };
		93C60ED52A51C80200996448 /* ShuttleViewViewModel.swift in Sources */ = {isa = PBXBuildFile; fileRef = 93C60ECA2A51C80200996448 /* ShuttleViewViewModel.swift */; };
		93C60ED62A51C80200996448 /* ColorExtension.swift in Sources */ = {isa = PBXBuildFile; fileRef = 93C60ECB2A51C80200996448 /* ColorExtension.swift */; };
		93C8E2852A8DF16700B2D382 /* SettingView.swift in Sources */ = {isa = PBXBuildFile; fileRef = 93C8E2842A8DF16700B2D382 /* SettingView.swift */; };
		93DD90FA2AEB9698001245F3 /* WeekendTimeTable.json in Resources */ = {isa = PBXBuildFile; fileRef = 93DD90F92AEB9698001245F3 /* WeekendTimeTable.json */; };
		93F306972A56A84B00C879E6 /* ShuttleView.swift in Sources */ = {isa = PBXBuildFile; fileRef = 93F306962A56A84B00C879E6 /* ShuttleView.swift */; };
		93F306992A56B0D900C879E6 /* GiheungStationTimeTable.json in Resources */ = {isa = PBXBuildFile; fileRef = 93F306982A56B0D900C879E6 /* GiheungStationTimeTable.json */; };
		93F3069B2A56B3DB00C879E6 /* StationViewViewModel.swift in Sources */ = {isa = PBXBuildFile; fileRef = 93F3069A2A56B3DB00C879E6 /* StationViewViewModel.swift */; };
		93F3069D2A56B42000C879E6 /* StationTime.swift in Sources */ = {isa = PBXBuildFile; fileRef = 93F3069C2A56B42000C879E6 /* StationTime.swift */; };
		93F3069F2A56B7B100C879E6 /* StationView.swift in Sources */ = {isa = PBXBuildFile; fileRef = 93F3069E2A56B7B100C879E6 /* StationView.swift */; };
		93F306A12A56BB1700C879E6 /* StationTimeRow.swift in Sources */ = {isa = PBXBuildFile; fileRef = 93F306A02A56BB1700C879E6 /* StationTimeRow.swift */; };
		93F6D7232A51C703006FAC30 /* YongJiBusApp.swift in Sources */ = {isa = PBXBuildFile; fileRef = 93F6D7222A51C703006FAC30 /* YongJiBusApp.swift */; };
		93F6D7252A51C703006FAC30 /* ContentView.swift in Sources */ = {isa = PBXBuildFile; fileRef = 93F6D7242A51C703006FAC30 /* ContentView.swift */; };
		93F6D7272A51C703006FAC30 /* Assets.xcassets in Resources */ = {isa = PBXBuildFile; fileRef = 93F6D7262A51C703006FAC30 /* Assets.xcassets */; };
		93F6D72A2A51C703006FAC30 /* Preview Assets.xcassets in Resources */ = {isa = PBXBuildFile; fileRef = 93F6D7292A51C703006FAC30 /* Preview Assets.xcassets */; };
/* End PBXBuildFile section */

/* Begin PBXFileReference section */
		931B3ACC2B14D935003D5EF2 /* TEST.app */ = {isa = PBXFileReference; explicitFileType = wrapper.application; includeInIndex = 0; path = TEST.app; sourceTree = BUILT_PRODUCTS_DIR; };
		93760F902B33F62A00DFA504 /* DataManager.swift */ = {isa = PBXFileReference; lastKnownFileType = sourcecode.swift; path = DataManager.swift; sourceTree = "<group>"; };
		93AE5FE62ACAAD1000081E39 /* APIKey.swift */ = {isa = PBXFileReference; lastKnownFileType = sourcecode.swift; path = APIKey.swift; sourceTree = "<group>"; };
		93BB27712A5562DF00A8ED96 /* BusTime.swift */ = {isa = PBXFileReference; lastKnownFileType = sourcecode.swift; path = BusTime.swift; sourceTree = "<group>"; };
		93BB27732A55630C00A8ED96 /* myXMLParser.swift */ = {isa = PBXFileReference; lastKnownFileType = sourcecode.swift; path = myXMLParser.swift; sourceTree = "<group>"; };
		93BB27752A556F1B00A8ED96 /* BusBoxViewViewModel.swift */ = {isa = PBXFileReference; lastKnownFileType = sourcecode.swift; path = BusBoxViewViewModel.swift; sourceTree = "<group>"; };
		93BB27792A557C6000A8ED96 /* Info.plist */ = {isa = PBXFileReference; lastKnownFileType = text.plist; path = Info.plist; sourceTree = "<group>"; };
		93BB277A2A558A3D00A8ED96 /* BusNumber.swift */ = {isa = PBXFileReference; lastKnownFileType = sourcecode.swift; path = BusNumber.swift; sourceTree = "<group>"; };
		93C60EC02A51C80200996448 /* MyongJiStationTimeTable.json */ = {isa = PBXFileReference; fileEncoding = 4; lastKnownFileType = text.json; path = MyongJiStationTimeTable.json; sourceTree = "<group>"; };
		93C60EC32A51C80200996448 /* BusBoxView.swift */ = {isa = PBXFileReference; fileEncoding = 4; lastKnownFileType = sourcecode.swift; path = BusBoxView.swift; sourceTree = "<group>"; };
		93C60EC42A51C80200996448 /* ShuttleRow.swift */ = {isa = PBXFileReference; fileEncoding = 4; lastKnownFileType = sourcecode.swift; path = ShuttleRow.swift; sourceTree = "<group>"; };
		93C60EC52A51C80200996448 /* HeaderView.swift */ = {isa = PBXFileReference; fileEncoding = 4; lastKnownFileType = sourcecode.swift; path = HeaderView.swift; sourceTree = "<group>"; };
		93C60EC72A51C80200996448 /* ShuttleTimeView.swift */ = {isa = PBXFileReference; fileEncoding = 4; lastKnownFileType = sourcecode.swift; path = ShuttleTimeView.swift; sourceTree = "<group>"; };
		93C60EC92A51C80200996448 /* ShuttleTime.swift */ = {isa = PBXFileReference; fileEncoding = 4; lastKnownFileType = sourcecode.swift; path = ShuttleTime.swift; sourceTree = "<group>"; };
		93C60ECA2A51C80200996448 /* ShuttleViewViewModel.swift */ = {isa = PBXFileReference; fileEncoding = 4; lastKnownFileType = sourcecode.swift; path = ShuttleViewViewModel.swift; sourceTree = "<group>"; };
		93C60ECB2A51C80200996448 /* ColorExtension.swift */ = {isa = PBXFileReference; fileEncoding = 4; lastKnownFileType = sourcecode.swift; path = ColorExtension.swift; sourceTree = "<group>"; };
		93C8E2842A8DF16700B2D382 /* SettingView.swift */ = {isa = PBXFileReference; lastKnownFileType = sourcecode.swift; path = SettingView.swift; sourceTree = "<group>"; };
		93DD90F92AEB9698001245F3 /* WeekendTimeTable.json */ = {isa = PBXFileReference; lastKnownFileType = text.json; path = WeekendTimeTable.json; sourceTree = "<group>"; };
		93F306962A56A84B00C879E6 /* ShuttleView.swift */ = {isa = PBXFileReference; lastKnownFileType = sourcecode.swift; path = ShuttleView.swift; sourceTree = "<group>"; };
		93F306982A56B0D900C879E6 /* GiheungStationTimeTable.json */ = {isa = PBXFileReference; lastKnownFileType = text.json; path = GiheungStationTimeTable.json; sourceTree = "<group>"; };
		93F3069A2A56B3DB00C879E6 /* StationViewViewModel.swift */ = {isa = PBXFileReference; lastKnownFileType = sourcecode.swift; path = StationViewViewModel.swift; sourceTree = "<group>"; };
		93F3069C2A56B42000C879E6 /* StationTime.swift */ = {isa = PBXFileReference; lastKnownFileType = sourcecode.swift; path = StationTime.swift; sourceTree = "<group>"; };
		93F3069E2A56B7B100C879E6 /* StationView.swift */ = {isa = PBXFileReference; lastKnownFileType = sourcecode.swift; path = StationView.swift; sourceTree = "<group>"; };
		93F306A02A56BB1700C879E6 /* StationTimeRow.swift */ = {isa = PBXFileReference; lastKnownFileType = sourcecode.swift; path = StationTimeRow.swift; sourceTree = "<group>"; };
		93F6D71F2A51C703006FAC30 /* YongJiBus.app */ = {isa = PBXFileReference; explicitFileType = wrapper.application; includeInIndex = 0; path = YongJiBus.app; sourceTree = BUILT_PRODUCTS_DIR; };
		93F6D7222A51C703006FAC30 /* YongJiBusApp.swift */ = {isa = PBXFileReference; lastKnownFileType = sourcecode.swift; path = YongJiBusApp.swift; sourceTree = "<group>"; };
		93F6D7242A51C703006FAC30 /* ContentView.swift */ = {isa = PBXFileReference; lastKnownFileType = sourcecode.swift; path = ContentView.swift; sourceTree = "<group>"; };
		93F6D7262A51C703006FAC30 /* Assets.xcassets */ = {isa = PBXFileReference; lastKnownFileType = folder.assetcatalog; path = Assets.xcassets; sourceTree = "<group>"; };
		93F6D7292A51C703006FAC30 /* Preview Assets.xcassets */ = {isa = PBXFileReference; lastKnownFileType = folder.assetcatalog; path = "Preview Assets.xcassets"; sourceTree = "<group>"; };
/* End PBXFileReference section */

/* Begin PBXFrameworksBuildPhase section */
		931B3AC92B14D935003D5EF2 /* Frameworks */ = {
			isa = PBXFrameworksBuildPhase;
			buildActionMask = 2147483647;
			files = (
			);
			runOnlyForDeploymentPostprocessing = 0;
		};
		93F6D71C2A51C703006FAC30 /* Frameworks */ = {
			isa = PBXFrameworksBuildPhase;
			buildActionMask = 2147483647;
			files = (
				93BB27702A55628000A8ED96 /* Alamofire in Frameworks */,
			);
			runOnlyForDeploymentPostprocessing = 0;
		};
/* End PBXFrameworksBuildPhase section */

/* Begin PBXGroup section */
		93760F8F2B33D9AA00DFA504 /* Data */ = {
			isa = PBXGroup;
			children = (
				93F306982A56B0D900C879E6 /* GiheungStationTimeTable.json */,
				93DD90F92AEB9698001245F3 /* WeekendTimeTable.json */,
				93C60EC02A51C80200996448 /* MyongJiStationTimeTable.json */,
			);
			path = Data;
			sourceTree = "<group>";
		};
		93BB27772A556F1F00A8ED96 /* ViewModel */ = {
			isa = PBXGroup;
			children = (
				93BB27752A556F1B00A8ED96 /* BusBoxViewViewModel.swift */,
				93C60ECA2A51C80200996448 /* ShuttleViewViewModel.swift */,
				93F3069A2A56B3DB00C879E6 /* StationViewViewModel.swift */,
			);
			path = ViewModel;
			sourceTree = "<group>";
		};
		93BB27782A556F3600A8ED96 /* Model */ = {
			isa = PBXGroup;
			children = (
				93BB277A2A558A3D00A8ED96 /* BusNumber.swift */,
				93BB27712A5562DF00A8ED96 /* BusTime.swift */,
				93F3069C2A56B42000C879E6 /* StationTime.swift */,
				93C60EC92A51C80200996448 /* ShuttleTime.swift */,
			);
			path = Model;
			sourceTree = "<group>";
		};
		93C60EC22A51C80200996448 /* View */ = {
			isa = PBXGroup;
			children = (
				93DD90FC2AEB9985001245F3 /* UIComponenet */,
				93DD90FB2AEB9974001245F3 /* Station */,
				93DD90FD2AEB9997001245F3 /* Shuttle */,
				93C8E2842A8DF16700B2D382 /* SettingView.swift */,
			);
			path = View;
			sourceTree = "<group>";
		};
		93DD90FB2AEB9974001245F3 /* Station */ = {
			isa = PBXGroup;
			children = (
				93F3069E2A56B7B100C879E6 /* StationView.swift */,
				93F306A02A56BB1700C879E6 /* StationTimeRow.swift */,
			);
			path = Station;
			sourceTree = "<group>";
		};
		93DD90FC2AEB9985001245F3 /* UIComponenet */ = {
			isa = PBXGroup;
			children = (
				93C60EC32A51C80200996448 /* BusBoxView.swift */,
				93C60EC52A51C80200996448 /* HeaderView.swift */,
			);
			path = UIComponenet;
			sourceTree = "<group>";
		};
		93DD90FD2AEB9997001245F3 /* Shuttle */ = {
			isa = PBXGroup;
			children = (
				93F306962A56A84B00C879E6 /* ShuttleView.swift */,
				93C60EC42A51C80200996448 /* ShuttleRow.swift */,
				93C60EC72A51C80200996448 /* ShuttleTimeView.swift */,
			);
			path = Shuttle;
			sourceTree = "<group>";
		};
		93E7783D2AD7DB8F0043D377 /* Global */ = {
			isa = PBXGroup;
			children = (
				93C60ECB2A51C80200996448 /* ColorExtension.swift */,
				93BB27732A55630C00A8ED96 /* myXMLParser.swift */,
				93AE5FE62ACAAD1000081E39 /* APIKey.swift */,
				93760F902B33F62A00DFA504 /* DataManager.swift */,
			);
			path = Global;
			sourceTree = "<group>";
		};
		93F6D7162A51C703006FAC30 = {
			isa = PBXGroup;
			children = (
				93F6D7212A51C703006FAC30 /* YongJiBus */,
				93F6D7202A51C703006FAC30 /* Products */,
			);
			sourceTree = "<group>";
		};
		93F6D7202A51C703006FAC30 /* Products */ = {
			isa = PBXGroup;
			children = (
				93F6D71F2A51C703006FAC30 /* YongJiBus.app */,
				931B3ACC2B14D935003D5EF2 /* TEST.app */,
			);
			name = Products;
			sourceTree = "<group>";
		};
		93F6D7212A51C703006FAC30 /* YongJiBus */ = {
			isa = PBXGroup;
			children = (
				93E7783D2AD7DB8F0043D377 /* Global */,
				93BB27792A557C6000A8ED96 /* Info.plist */,
				93760F8F2B33D9AA00DFA504 /* Data */,
				93BB27782A556F3600A8ED96 /* Model */,
				93BB27772A556F1F00A8ED96 /* ViewModel */,
				93C60EC22A51C80200996448 /* View */,
				93F6D7222A51C703006FAC30 /* YongJiBusApp.swift */,
				93F6D7242A51C703006FAC30 /* ContentView.swift */,
				93F6D7262A51C703006FAC30 /* Assets.xcassets */,
				93F6D7282A51C703006FAC30 /* Preview Content */,
			);
			path = YongJiBus;
			sourceTree = "<group>";
		};
		93F6D7282A51C703006FAC30 /* Preview Content */ = {
			isa = PBXGroup;
			children = (
				93F6D7292A51C703006FAC30 /* Preview Assets.xcassets */,
			);
			path = "Preview Content";
			sourceTree = "<group>";
		};
/* End PBXGroup section */

/* Begin PBXNativeTarget section */
		931B3ACB2B14D935003D5EF2 /* TEST */ = {
			isa = PBXNativeTarget;
			buildConfigurationList = 931B3AD92B14D936003D5EF2 /* Build configuration list for PBXNativeTarget "TEST" */;
			buildPhases = (
				931B3AC82B14D935003D5EF2 /* Sources */,
				931B3AC92B14D935003D5EF2 /* Frameworks */,
				931B3ACA2B14D935003D5EF2 /* Resources */,
			);
			buildRules = (
			);
			dependencies = (
			);
			name = TEST;
			productName = TEST;
			productReference = 931B3ACC2B14D935003D5EF2 /* TEST.app */;
			productType = "com.apple.product-type.application";
		};
		93F6D71E2A51C703006FAC30 /* YongJiBus */ = {
			isa = PBXNativeTarget;
			buildConfigurationList = 93F6D72D2A51C703006FAC30 /* Build configuration list for PBXNativeTarget "YongJiBus" */;
			buildPhases = (
				93F6D71B2A51C703006FAC30 /* Sources */,
				93F6D71C2A51C703006FAC30 /* Frameworks */,
				93F6D71D2A51C703006FAC30 /* Resources */,
			);
			buildRules = (
			);
			dependencies = (
			);
			name = YongJiBus;
			packageProductDependencies = (
				93BB276F2A55628000A8ED96 /* Alamofire */,
			);
			productName = YongJiBus;
			productReference = 93F6D71F2A51C703006FAC30 /* YongJiBus.app */;
			productType = "com.apple.product-type.application";
		};
/* End PBXNativeTarget section */

/* Begin PBXProject section */
		93F6D7172A51C703006FAC30 /* Project object */ = {
			isa = PBXProject;
			attributes = {
				BuildIndependentTargetsInParallel = 1;
				LastSwiftUpdateCheck = 1500;
				LastUpgradeCheck = 1510;
				TargetAttributes = {
					931B3ACB2B14D935003D5EF2 = {
						CreatedOnToolsVersion = 15.0.1;
					};
					93F6D71E2A51C703006FAC30 = {
						CreatedOnToolsVersion = 14.3.1;
					};
				};
			};
			buildConfigurationList = 93F6D71A2A51C703006FAC30 /* Build configuration list for PBXProject "YongJiBus" */;
			compatibilityVersion = "Xcode 14.0";
			developmentRegion = en;
			hasScannedForEncodings = 0;
			knownRegions = (
				en,
				Base,
			);
			mainGroup = 93F6D7162A51C703006FAC30;
			packageReferences = (
				93BB276E2A55628000A8ED96 /* XCRemoteSwiftPackageReference "Alamofire" */,
			);
			productRefGroup = 93F6D7202A51C703006FAC30 /* Products */;
			projectDirPath = "";
			projectRoot = "";
			targets = (
				93F6D71E2A51C703006FAC30 /* YongJiBus */,
				931B3ACB2B14D935003D5EF2 /* TEST */,
			);
		};
/* End PBXProject section */

/* Begin PBXResourcesBuildPhase section */
		931B3ACA2B14D935003D5EF2 /* Resources */ = {
			isa = PBXResourcesBuildPhase;
			buildActionMask = 2147483647;
			files = (
			);
			runOnlyForDeploymentPostprocessing = 0;
		};
		93F6D71D2A51C703006FAC30 /* Resources */ = {
			isa = PBXResourcesBuildPhase;
			buildActionMask = 2147483647;
			files = (
				93C60ECC2A51C80200996448 /* MyongJiStationTimeTable.json in Resources */,
				93F6D72A2A51C703006FAC30 /* Preview Assets.xcassets in Resources */,
				93F6D7272A51C703006FAC30 /* Assets.xcassets in Resources */,
				93DD90FA2AEB9698001245F3 /* WeekendTimeTable.json in Resources */,
				93F306992A56B0D900C879E6 /* GiheungStationTimeTable.json in Resources */,
			);
			runOnlyForDeploymentPostprocessing = 0;
		};
/* End PBXResourcesBuildPhase section */

/* Begin PBXSourcesBuildPhase section */
		931B3AC82B14D935003D5EF2 /* Sources */ = {
			isa = PBXSourcesBuildPhase;
			buildActionMask = 2147483647;
			files = (
			);
			runOnlyForDeploymentPostprocessing = 0;
		};
		93F6D71B2A51C703006FAC30 /* Sources */ = {
			isa = PBXSourcesBuildPhase;
			buildActionMask = 2147483647;
			files = (
				93C60ED02A51C80200996448 /* HeaderView.swift in Sources */,
				93BB27762A556F1B00A8ED96 /* BusBoxViewViewModel.swift in Sources */,
				93C60ED42A51C80200996448 /* ShuttleTime.swift in Sources */,
				93F3069F2A56B7B100C879E6 /* StationView.swift in Sources */,
				93F306972A56A84B00C879E6 /* ShuttleView.swift in Sources */,
				93C60ED62A51C80200996448 /* ColorExtension.swift in Sources */,
				93C60ED22A51C80200996448 /* ShuttleTimeView.swift in Sources */,
				93C60ECE2A51C80200996448 /* BusBoxView.swift in Sources */,
				93760F912B33F62A00DFA504 /* DataManager.swift in Sources */,
				93F6D7252A51C703006FAC30 /* ContentView.swift in Sources */,
				93F3069D2A56B42000C879E6 /* StationTime.swift in Sources */,
				93C8E2852A8DF16700B2D382 /* SettingView.swift in Sources */,
				93F306A12A56BB1700C879E6 /* StationTimeRow.swift in Sources */,
				93BB27722A5562DF00A8ED96 /* BusTime.swift in Sources */,
				93BB277B2A558A3D00A8ED96 /* BusNumber.swift in Sources */,
				93AE5FE72ACAAD1000081E39 /* APIKey.swift in Sources */,
				93BB27742A55630C00A8ED96 /* myXMLParser.swift in Sources */,
				93C60ED52A51C80200996448 /* ShuttleViewViewModel.swift in Sources */,
				93C60ECF2A51C80200996448 /* ShuttleRow.swift in Sources */,
				93F3069B2A56B3DB00C879E6 /* StationViewViewModel.swift in Sources */,
				93F6D7232A51C703006FAC30 /* YongJiBusApp.swift in Sources */,
			);
			runOnlyForDeploymentPostprocessing = 0;
		};
/* End PBXSourcesBuildPhase section */

/* Begin XCBuildConfiguration section */
		931B3AD72B14D936003D5EF2 /* Debug */ = {
			isa = XCBuildConfiguration;
			buildSettings = {
				ASSETCATALOG_COMPILER_APPICON_NAME = AppIcon;
				ASSETCATALOG_COMPILER_GENERATE_SWIFT_ASSET_SYMBOL_EXTENSIONS = YES;
				ASSETCATALOG_COMPILER_GLOBAL_ACCENT_COLOR_NAME = AccentColor;
				CODE_SIGN_STYLE = Automatic;
				CURRENT_PROJECT_VERSION = 1;
				DEVELOPMENT_ASSET_PATHS = "\"TEST/Preview Content\"";
				DEVELOPMENT_TEAM = RMM8N6U95J;
				ENABLE_PREVIEWS = YES;
				GCC_C_LANGUAGE_STANDARD = gnu17;
				GENERATE_INFOPLIST_FILE = YES;
				INFOPLIST_KEY_UIApplicationSceneManifest_Generation = YES;
				INFOPLIST_KEY_UIApplicationSupportsIndirectInputEvents = YES;
				INFOPLIST_KEY_UILaunchScreen_Generation = YES;
				INFOPLIST_KEY_UISupportedInterfaceOrientations_iPad = "UIInterfaceOrientationPortrait UIInterfaceOrientationPortraitUpsideDown UIInterfaceOrientationLandscapeLeft UIInterfaceOrientationLandscapeRight";
				INFOPLIST_KEY_UISupportedInterfaceOrientations_iPhone = "UIInterfaceOrientationPortrait UIInterfaceOrientationLandscapeLeft UIInterfaceOrientationLandscapeRight";
				IPHONEOS_DEPLOYMENT_TARGET = 17.0;
				LD_RUNPATH_SEARCH_PATHS = (
					"$(inherited)",
					"@executable_path/Frameworks",
				);
				LOCALIZATION_PREFERS_STRING_CATALOGS = YES;
				MARKETING_VERSION = 1.0;
				PRODUCT_BUNDLE_IDENTIFIER = Bryan.TEST;
				PRODUCT_NAME = "$(TARGET_NAME)";
				SWIFT_ACTIVE_COMPILATION_CONDITIONS = "DEBUG $(inherited)";
				SWIFT_EMIT_LOC_STRINGS = YES;
				SWIFT_VERSION = 5.0;
				TARGETED_DEVICE_FAMILY = "1,2";
			};
			name = Debug;
		};
		931B3AD82B14D936003D5EF2 /* Release */ = {
			isa = XCBuildConfiguration;
			buildSettings = {
				ASSETCATALOG_COMPILER_APPICON_NAME = AppIcon;
				ASSETCATALOG_COMPILER_GENERATE_SWIFT_ASSET_SYMBOL_EXTENSIONS = YES;
				ASSETCATALOG_COMPILER_GLOBAL_ACCENT_COLOR_NAME = AccentColor;
				CODE_SIGN_STYLE = Automatic;
				CURRENT_PROJECT_VERSION = 1;
				DEVELOPMENT_ASSET_PATHS = "\"TEST/Preview Content\"";
				DEVELOPMENT_TEAM = RMM8N6U95J;
				ENABLE_PREVIEWS = YES;
				GCC_C_LANGUAGE_STANDARD = gnu17;
				GENERATE_INFOPLIST_FILE = YES;
				INFOPLIST_KEY_UIApplicationSceneManifest_Generation = YES;
				INFOPLIST_KEY_UIApplicationSupportsIndirectInputEvents = YES;
				INFOPLIST_KEY_UILaunchScreen_Generation = YES;
				INFOPLIST_KEY_UISupportedInterfaceOrientations_iPad = "UIInterfaceOrientationPortrait UIInterfaceOrientationPortraitUpsideDown UIInterfaceOrientationLandscapeLeft UIInterfaceOrientationLandscapeRight";
				INFOPLIST_KEY_UISupportedInterfaceOrientations_iPhone = "UIInterfaceOrientationPortrait UIInterfaceOrientationLandscapeLeft UIInterfaceOrientationLandscapeRight";
				IPHONEOS_DEPLOYMENT_TARGET = 17.0;
				LD_RUNPATH_SEARCH_PATHS = (
					"$(inherited)",
					"@executable_path/Frameworks",
				);
				LOCALIZATION_PREFERS_STRING_CATALOGS = YES;
				MARKETING_VERSION = 1.0;
				PRODUCT_BUNDLE_IDENTIFIER = Bryan.TEST;
				PRODUCT_NAME = "$(TARGET_NAME)";
				SWIFT_EMIT_LOC_STRINGS = YES;
				SWIFT_VERSION = 5.0;
				TARGETED_DEVICE_FAMILY = "1,2";
			};
			name = Release;
		};
		93F6D72B2A51C703006FAC30 /* Debug */ = {
			isa = XCBuildConfiguration;
			buildSettings = {
				ALWAYS_SEARCH_USER_PATHS = NO;
				CLANG_ANALYZER_NONNULL = YES;
				CLANG_ANALYZER_NUMBER_OBJECT_CONVERSION = YES_AGGRESSIVE;
				CLANG_CXX_LANGUAGE_STANDARD = "gnu++20";
				CLANG_ENABLE_MODULES = YES;
				CLANG_ENABLE_OBJC_ARC = YES;
				CLANG_ENABLE_OBJC_WEAK = YES;
				CLANG_WARN_BLOCK_CAPTURE_AUTORELEASING = YES;
				CLANG_WARN_BOOL_CONVERSION = YES;
				CLANG_WARN_COMMA = YES;
				CLANG_WARN_CONSTANT_CONVERSION = YES;
				CLANG_WARN_DEPRECATED_OBJC_IMPLEMENTATIONS = YES;
				CLANG_WARN_DIRECT_OBJC_ISA_USAGE = YES_ERROR;
				CLANG_WARN_DOCUMENTATION_COMMENTS = YES;
				CLANG_WARN_EMPTY_BODY = YES;
				CLANG_WARN_ENUM_CONVERSION = YES;
				CLANG_WARN_INFINITE_RECURSION = YES;
				CLANG_WARN_INT_CONVERSION = YES;
				CLANG_WARN_NON_LITERAL_NULL_CONVERSION = YES;
				CLANG_WARN_OBJC_IMPLICIT_RETAIN_SELF = YES;
				CLANG_WARN_OBJC_LITERAL_CONVERSION = YES;
				CLANG_WARN_OBJC_ROOT_CLASS = YES_ERROR;
				CLANG_WARN_QUOTED_INCLUDE_IN_FRAMEWORK_HEADER = YES;
				CLANG_WARN_RANGE_LOOP_ANALYSIS = YES;
				CLANG_WARN_STRICT_PROTOTYPES = YES;
				CLANG_WARN_SUSPICIOUS_MOVE = YES;
				CLANG_WARN_UNGUARDED_AVAILABILITY = YES_AGGRESSIVE;
				CLANG_WARN_UNREACHABLE_CODE = YES;
				CLANG_WARN__DUPLICATE_METHOD_MATCH = YES;
				COPY_PHASE_STRIP = NO;
				DEBUG_INFORMATION_FORMAT = dwarf;
				ENABLE_STRICT_OBJC_MSGSEND = YES;
				ENABLE_TESTABILITY = YES;
				ENABLE_USER_SCRIPT_SANDBOXING = YES;
				GCC_C_LANGUAGE_STANDARD = gnu11;
				GCC_DYNAMIC_NO_PIC = NO;
				GCC_NO_COMMON_BLOCKS = YES;
				GCC_OPTIMIZATION_LEVEL = 0;
				GCC_PREPROCESSOR_DEFINITIONS = (
					"DEBUG=1",
					"$(inherited)",
				);
				GCC_WARN_64_TO_32_BIT_CONVERSION = YES;
				GCC_WARN_ABOUT_RETURN_TYPE = YES_ERROR;
				GCC_WARN_UNDECLARED_SELECTOR = YES;
				GCC_WARN_UNINITIALIZED_AUTOS = YES_AGGRESSIVE;
				GCC_WARN_UNUSED_FUNCTION = YES;
				GCC_WARN_UNUSED_VARIABLE = YES;
				IPHONEOS_DEPLOYMENT_TARGET = 16.4;
				MTL_ENABLE_DEBUG_INFO = INCLUDE_SOURCE;
				MTL_FAST_MATH = YES;
				ONLY_ACTIVE_ARCH = YES;
				SDKROOT = iphoneos;
				SWIFT_ACTIVE_COMPILATION_CONDITIONS = DEBUG;
				SWIFT_OPTIMIZATION_LEVEL = "-Onone";
			};
			name = Debug;
		};
		93F6D72C2A51C703006FAC30 /* Release */ = {
			isa = XCBuildConfiguration;
			buildSettings = {
				ALWAYS_SEARCH_USER_PATHS = NO;
				CLANG_ANALYZER_NONNULL = YES;
				CLANG_ANALYZER_NUMBER_OBJECT_CONVERSION = YES_AGGRESSIVE;
				CLANG_CXX_LANGUAGE_STANDARD = "gnu++20";
				CLANG_ENABLE_MODULES = YES;
				CLANG_ENABLE_OBJC_ARC = YES;
				CLANG_ENABLE_OBJC_WEAK = YES;
				CLANG_WARN_BLOCK_CAPTURE_AUTORELEASING = YES;
				CLANG_WARN_BOOL_CONVERSION = YES;
				CLANG_WARN_COMMA = YES;
				CLANG_WARN_CONSTANT_CONVERSION = YES;
				CLANG_WARN_DEPRECATED_OBJC_IMPLEMENTATIONS = YES;
				CLANG_WARN_DIRECT_OBJC_ISA_USAGE = YES_ERROR;
				CLANG_WARN_DOCUMENTATION_COMMENTS = YES;
				CLANG_WARN_EMPTY_BODY = YES;
				CLANG_WARN_ENUM_CONVERSION = YES;
				CLANG_WARN_INFINITE_RECURSION = YES;
				CLANG_WARN_INT_CONVERSION = YES;
				CLANG_WARN_NON_LITERAL_NULL_CONVERSION = YES;
				CLANG_WARN_OBJC_IMPLICIT_RETAIN_SELF = YES;
				CLANG_WARN_OBJC_LITERAL_CONVERSION = YES;
				CLANG_WARN_OBJC_ROOT_CLASS = YES_ERROR;
				CLANG_WARN_QUOTED_INCLUDE_IN_FRAMEWORK_HEADER = YES;
				CLANG_WARN_RANGE_LOOP_ANALYSIS = YES;
				CLANG_WARN_STRICT_PROTOTYPES = YES;
				CLANG_WARN_SUSPICIOUS_MOVE = YES;
				CLANG_WARN_UNGUARDED_AVAILABILITY = YES_AGGRESSIVE;
				CLANG_WARN_UNREACHABLE_CODE = YES;
				CLANG_WARN__DUPLICATE_METHOD_MATCH = YES;
				COPY_PHASE_STRIP = NO;
				DEBUG_INFORMATION_FORMAT = "dwarf-with-dsym";
				ENABLE_NS_ASSERTIONS = NO;
				ENABLE_STRICT_OBJC_MSGSEND = YES;
				ENABLE_USER_SCRIPT_SANDBOXING = YES;
				GCC_C_LANGUAGE_STANDARD = gnu11;
				GCC_NO_COMMON_BLOCKS = YES;
				GCC_WARN_64_TO_32_BIT_CONVERSION = YES;
				GCC_WARN_ABOUT_RETURN_TYPE = YES_ERROR;
				GCC_WARN_UNDECLARED_SELECTOR = YES;
				GCC_WARN_UNINITIALIZED_AUTOS = YES_AGGRESSIVE;
				GCC_WARN_UNUSED_FUNCTION = YES;
				GCC_WARN_UNUSED_VARIABLE = YES;
				IPHONEOS_DEPLOYMENT_TARGET = 16.4;
				MTL_ENABLE_DEBUG_INFO = NO;
				MTL_FAST_MATH = YES;
				SDKROOT = iphoneos;
				SWIFT_COMPILATION_MODE = wholemodule;
				SWIFT_OPTIMIZATION_LEVEL = "-O";
				VALIDATE_PRODUCT = YES;
			};
			name = Release;
		};
		93F6D72E2A51C703006FAC30 /* Debug */ = {
			isa = XCBuildConfiguration;
			buildSettings = {
				ASSETCATALOG_COMPILER_APPICON_NAME = AppIcon;
				ASSETCATALOG_COMPILER_GLOBAL_ACCENT_COLOR_NAME = AccentColor;
				CODE_SIGN_STYLE = Automatic;
				CURRENT_PROJECT_VERSION = 1;
				DEVELOPMENT_ASSET_PATHS = "\"YongJiBus/Preview Content\"";
				DEVELOPMENT_TEAM = RMM8N6U95J;
				ENABLE_PREVIEWS = YES;
				GENERATE_INFOPLIST_FILE = YES;
				INFOPLIST_FILE = YongJiBus/Info.plist;
				INFOPLIST_KEY_LSApplicationCategoryType = "public.app-category.navigation";
				INFOPLIST_KEY_UIApplicationSceneManifest_Generation = YES;
				INFOPLIST_KEY_UIApplicationSupportsIndirectInputEvents = YES;
				INFOPLIST_KEY_UILaunchScreen_Generation = YES;
				INFOPLIST_KEY_UISupportedInterfaceOrientations = UIInterfaceOrientationPortrait;
				INFOPLIST_KEY_UISupportedInterfaceOrientations_iPad = "UIInterfaceOrientationLandscapeLeft UIInterfaceOrientationLandscapeRight UIInterfaceOrientationPortrait UIInterfaceOrientationPortraitUpsideDown";
				LD_RUNPATH_SEARCH_PATHS = (
					"$(inherited)",
					"@executable_path/Frameworks",
				);
				MARKETING_VERSION = 1.0;
				PRODUCT_BUNDLE_IDENTIFIER = Bryan.YongJiBus;
				PRODUCT_NAME = "$(TARGET_NAME)";
				SUPPORTED_PLATFORMS = "iphoneos iphonesimulator";
				SUPPORTS_MACCATALYST = NO;
				SUPPORTS_MAC_DESIGNED_FOR_IPHONE_IPAD = NO;
				SWIFT_EMIT_LOC_STRINGS = YES;
				SWIFT_VERSION = 5.0;
				TARGETED_DEVICE_FAMILY = 1;
			};
			name = Debug;
		};
		93F6D72F2A51C703006FAC30 /* Release */ = {
			isa = XCBuildConfiguration;
			buildSettings = {
				ASSETCATALOG_COMPILER_APPICON_NAME = AppIcon;
				ASSETCATALOG_COMPILER_GLOBAL_ACCENT_COLOR_NAME = AccentColor;
				CODE_SIGN_STYLE = Automatic;
				CURRENT_PROJECT_VERSION = 1;
				DEVELOPMENT_ASSET_PATHS = "\"YongJiBus/Preview Content\"";
				DEVELOPMENT_TEAM = RMM8N6U95J;
				ENABLE_PREVIEWS = YES;
				GENERATE_INFOPLIST_FILE = YES;
				INFOPLIST_FILE = YongJiBus/Info.plist;
				INFOPLIST_KEY_LSApplicationCategoryType = "public.app-category.navigation";
				INFOPLIST_KEY_UIApplicationSceneManifest_Generation = YES;
				INFOPLIST_KEY_UIApplicationSupportsIndirectInputEvents = YES;
				INFOPLIST_KEY_UILaunchScreen_Generation = YES;
				INFOPLIST_KEY_UISupportedInterfaceOrientations = UIInterfaceOrientationPortrait;
				INFOPLIST_KEY_UISupportedInterfaceOrientations_iPad = "UIInterfaceOrientationLandscapeLeft UIInterfaceOrientationLandscapeRight UIInterfaceOrientationPortrait UIInterfaceOrientationPortraitUpsideDown";
				LD_RUNPATH_SEARCH_PATHS = (
					"$(inherited)",
					"@executable_path/Frameworks",
				);
				MARKETING_VERSION = 1.0;
				PRODUCT_BUNDLE_IDENTIFIER = Bryan.YongJiBus;
				PRODUCT_NAME = "$(TARGET_NAME)";
				SUPPORTED_PLATFORMS = "iphoneos iphonesimulator";
				SUPPORTS_MACCATALYST = NO;
				SUPPORTS_MAC_DESIGNED_FOR_IPHONE_IPAD = NO;
				SWIFT_EMIT_LOC_STRINGS = YES;
				SWIFT_VERSION = 5.0;
				TARGETED_DEVICE_FAMILY = 1;
			};
			name = Release;
		};
/* End XCBuildConfiguration section */

/* Begin XCConfigurationList section */
		931B3AD92B14D936003D5EF2 /* Build configuration list for PBXNativeTarget "TEST" */ = {
			isa = XCConfigurationList;
			buildConfigurations = (
				931B3AD72B14D936003D5EF2 /* Debug */,
				931B3AD82B14D936003D5EF2 /* Release */,
			);
			defaultConfigurationIsVisible = 0;
			defaultConfigurationName = Release;
		};
		93F6D71A2A51C703006FAC30 /* Build configuration list for PBXProject "YongJiBus" */ = {
			isa = XCConfigurationList;
			buildConfigurations = (
				93F6D72B2A51C703006FAC30 /* Debug */,
				93F6D72C2A51C703006FAC30 /* Release */,
			);
			defaultConfigurationIsVisible = 0;
			defaultConfigurationName = Release;
		};
		93F6D72D2A51C703006FAC30 /* Build configuration list for PBXNativeTarget "YongJiBus" */ = {
			isa = XCConfigurationList;
			buildConfigurations = (
				93F6D72E2A51C703006FAC30 /* Debug */,
				93F6D72F2A51C703006FAC30 /* Release */,
			);
			defaultConfigurationIsVisible = 0;
			defaultConfigurationName = Release;
		};
/* End XCConfigurationList section */

/* Begin XCRemoteSwiftPackageReference section */
		93BB276E2A55628000A8ED96 /* XCRemoteSwiftPackageReference "Alamofire" */ = {
			isa = XCRemoteSwiftPackageReference;
			repositoryURL = "https://github.com/Alamofire/Alamofire.git";
			requirement = {
				kind = upToNextMajorVersion;
				minimumVersion = 5.0.0;
			};
		};
/* End XCRemoteSwiftPackageReference section */

/* Begin XCSwiftPackageProductDependency section */
		93BB276F2A55628000A8ED96 /* Alamofire */ = {
			isa = XCSwiftPackageProductDependency;
			package = 93BB276E2A55628000A8ED96 /* XCRemoteSwiftPackageReference "Alamofire" */;
			productName = Alamofire;
		};
/* End XCSwiftPackageProductDependency section */
	};
	rootObject = 93F6D7172A51C703006FAC30 /* Project object */;
}
